// !$*UTF8*$!
{
	archiveVersion = 1;
	classes = {
	};
	objectVersion = 56;
	objects = {

/* Begin PBXBuildFile section */
		F21447C52D6F88060027B57B /* ComponentsView.swift in Sources */ = {isa = PBXBuildFile; fileRef = F21447C42D6F88060027B57B /* ComponentsView.swift */; };
		F21447C72D6FB4CD0027B57B /* AddPopUp.swift in Sources */ = {isa = PBXBuildFile; fileRef = F21447C62D6FB4CD0027B57B /* AddPopUp.swift */; };
		F21447CB2D72F46F0027B57B /* GridWidget.swift in Sources */ = {isa = PBXBuildFile; fileRef = F21447CA2D72F46E0027B57B /* GridWidget.swift */; };
		F21447CD2D72F4900027B57B /* HabitSwitch.swift in Sources */ = {isa = PBXBuildFile; fileRef = F21447CC2D72F4900027B57B /* HabitSwitch.swift */; };
		F21447CF2D72F4C50027B57B /* HabitInfoWidget.swift in Sources */ = {isa = PBXBuildFile; fileRef = F21447CE2D72F4C50027B57B /* HabitInfoWidget.swift */; };
		F21447D12D72F4EF0027B57B /* HabitInfoButton.swift in Sources */ = {isa = PBXBuildFile; fileRef = F21447D02D72F4EF0027B57B /* HabitInfoButton.swift */; };
		F21447D32D72F50F0027B57B /* DaySwitch.swift in Sources */ = {isa = PBXBuildFile; fileRef = F21447D22D72F50F0027B57B /* DaySwitch.swift */; };
		F21447D62D7325770027B57B /* HabitView.swift in Sources */ = {isa = PBXBuildFile; fileRef = F21447D52D7325770027B57B /* HabitView.swift */; };
		F21447D82D7372B00027B57B /* TodaysPlansView.swift in Sources */ = {isa = PBXBuildFile; fileRef = F21447D72D7372B00027B57B /* TodaysPlansView.swift */; };
		F21447DA2D748FD30027B57B /* AddTaskView.swift in Sources */ = {isa = PBXBuildFile; fileRef = F21447D92D748FD30027B57B /* AddTaskView.swift */; };
		F21447DC2D74A85E0027B57B /* RecomendationsView.swift in Sources */ = {isa = PBXBuildFile; fileRef = F21447DB2D74A85E0027B57B /* RecomendationsView.swift */; };
		F2ACF43E2D328E9800368E3E /* DayOnboardingApp.swift in Sources */ = {isa = PBXBuildFile; fileRef = F2ACF43D2D328E9700368E3E /* DayOnboardingApp.swift */; };
		F2ACF4402D328E9800368E3E /* LanguageView.swift in Sources */ = {isa = PBXBuildFile; fileRef = F2ACF43F2D328E9800368E3E /* LanguageView.swift */; };
		F2ACF4422D328E9A00368E3E /* Assets.xcassets in Resources */ = {isa = PBXBuildFile; fileRef = F2ACF4412D328E9A00368E3E /* Assets.xcassets */; };
		F2ACF4452D328E9A00368E3E /* Preview Assets.xcassets in Resources */ = {isa = PBXBuildFile; fileRef = F2ACF4442D328E9A00368E3E /* Preview Assets.xcassets */; };
		F2ACF4522D32D90500368E3E /* SwitchView.swift in Sources */ = {isa = PBXBuildFile; fileRef = F2ACF4512D32D90500368E3E /* SwitchView.swift */; };
		F2ACF4542D32DC4100368E3E /* BackButton.swift in Sources */ = {isa = PBXBuildFile; fileRef = F2ACF4532D32DC4100368E3E /* BackButton.swift */; };
		F2ACF4582D3311FD00368E3E /* FlagsButtons.swift in Sources */ = {isa = PBXBuildFile; fileRef = F2ACF4572D3311FD00368E3E /* FlagsButtons.swift */; };
		F2ACF45A2D331BD300368E3E /* NextButton.swift in Sources */ = {isa = PBXBuildFile; fileRef = F2ACF4592D331BD300368E3E /* NextButton.swift */; };
		F2ACF45C2D33D89500368E3E /* HistoryView.swift in Sources */ = {isa = PBXBuildFile; fileRef = F2ACF45B2D33D89500368E3E /* HistoryView.swift */; };
		F2ACF45F2D369A0500368E3E /* Model.swift in Sources */ = {isa = PBXBuildFile; fileRef = F2ACF45E2D369A0500368E3E /* Model.swift */; };
		F2ACF4612D369A7F00368E3E /* ViewModel.swift in Sources */ = {isa = PBXBuildFile; fileRef = F2ACF4602D369A7F00368E3E /* ViewModel.swift */; };
/* End PBXBuildFile section */

/* Begin PBXFileReference section */
		F21447C42D6F88060027B57B /* ComponentsView.swift */ = {isa = PBXFileReference; lastKnownFileType = sourcecode.swift; path = ComponentsView.swift; sourceTree = "<group>"; };
		F21447C62D6FB4CD0027B57B /* AddPopUp.swift */ = {isa = PBXFileReference; lastKnownFileType = sourcecode.swift; path = AddPopUp.swift; sourceTree = "<group>"; };
		F21447CA2D72F46E0027B57B /* GridWidget.swift */ = {isa = PBXFileReference; lastKnownFileType = sourcecode.swift; path = GridWidget.swift; sourceTree = "<group>"; };
		F21447CC2D72F4900027B57B /* HabitSwitch.swift */ = {isa = PBXFileReference; lastKnownFileType = sourcecode.swift; path = HabitSwitch.swift; sourceTree = "<group>"; };
		F21447CE2D72F4C50027B57B /* HabitInfoWidget.swift */ = {isa = PBXFileReference; lastKnownFileType = sourcecode.swift; path = HabitInfoWidget.swift; sourceTree = "<group>"; };
		F21447D02D72F4EF0027B57B /* HabitInfoButton.swift */ = {isa = PBXFileReference; lastKnownFileType = sourcecode.swift; path = HabitInfoButton.swift; sourceTree = "<group>"; };
		F21447D22D72F50F0027B57B /* DaySwitch.swift */ = {isa = PBXFileReference; lastKnownFileType = sourcecode.swift; path = DaySwitch.swift; sourceTree = "<group>"; };
		F21447D52D7325770027B57B /* HabitView.swift */ = {isa = PBXFileReference; lastKnownFileType = sourcecode.swift; path = HabitView.swift; sourceTree = "<group>"; };
		F21447D72D7372B00027B57B /* TodaysPlansView.swift */ = {isa = PBXFileReference; lastKnownFileType = sourcecode.swift; path = TodaysPlansView.swift; sourceTree = "<group>"; };
		F21447D92D748FD30027B57B /* AddTaskView.swift */ = {isa = PBXFileReference; lastKnownFileType = sourcecode.swift; path = AddTaskView.swift; sourceTree = "<group>"; };
		F21447DB2D74A85E0027B57B /* RecomendationsView.swift */ = {isa = PBXFileReference; lastKnownFileType = sourcecode.swift; path = RecomendationsView.swift; sourceTree = "<group>"; };
		F2ACF43A2D328E9700368E3E /* DayOnboarding.app */ = {isa = PBXFileReference; explicitFileType = wrapper.application; includeInIndex = 0; path = DayOnboarding.app; sourceTree = BUILT_PRODUCTS_DIR; };
		F2ACF43D2D328E9700368E3E /* DayOnboardingApp.swift */ = {isa = PBXFileReference; lastKnownFileType = sourcecode.swift; path = DayOnboardingApp.swift; sourceTree = "<group>"; };
		F2ACF43F2D328E9800368E3E /* LanguageView.swift */ = {isa = PBXFileReference; lastKnownFileType = sourcecode.swift; path = LanguageView.swift; sourceTree = "<group>"; };
		F2ACF4412D328E9A00368E3E /* Assets.xcassets */ = {isa = PBXFileReference; lastKnownFileType = folder.assetcatalog; path = Assets.xcassets; sourceTree = "<group>"; };
		F2ACF4442D328E9A00368E3E /* Preview Assets.xcassets */ = {isa = PBXFileReference; lastKnownFileType = folder.assetcatalog; path = "Preview Assets.xcassets"; sourceTree = "<group>"; };
		F2ACF4512D32D90500368E3E /* SwitchView.swift */ = {isa = PBXFileReference; lastKnownFileType = sourcecode.swift; path = SwitchView.swift; sourceTree = "<group>"; };
		F2ACF4532D32DC4100368E3E /* BackButton.swift */ = {isa = PBXFileReference; lastKnownFileType = sourcecode.swift; path = BackButton.swift; sourceTree = "<group>"; };
		F2ACF4572D3311FD00368E3E /* FlagsButtons.swift */ = {isa = PBXFileReference; lastKnownFileType = sourcecode.swift; path = FlagsButtons.swift; sourceTree = "<group>"; };
		F2ACF4592D331BD300368E3E /* NextButton.swift */ = {isa = PBXFileReference; lastKnownFileType = sourcecode.swift; path = NextButton.swift; sourceTree = "<group>"; };
		F2ACF45B2D33D89500368E3E /* HistoryView.swift */ = {isa = PBXFileReference; lastKnownFileType = sourcecode.swift; path = HistoryView.swift; sourceTree = "<group>"; };
		F2ACF45E2D369A0500368E3E /* Model.swift */ = {isa = PBXFileReference; lastKnownFileType = sourcecode.swift; path = Model.swift; sourceTree = "<group>"; };
		F2ACF4602D369A7F00368E3E /* ViewModel.swift */ = {isa = PBXFileReference; lastKnownFileType = sourcecode.swift; path = ViewModel.swift; sourceTree = "<group>"; };
/* End PBXFileReference section */

/* Begin PBXFrameworksBuildPhase section */
		F2ACF4372D328E9700368E3E /* Frameworks */ = {
			isa = PBXFrameworksBuildPhase;
			buildActionMask = 2147483647;
			files = (
			);
			runOnlyForDeploymentPostprocessing = 0;
		};
/* End PBXFrameworksBuildPhase section */

/* Begin PBXGroup section */
		F2ACF4312D328E9700368E3E = {
			isa = PBXGroup;
			children = (
				F2ACF43C2D328E9700368E3E /* DayOnboarding */,
				F2ACF43B2D328E9700368E3E /* Products */,
			);
			sourceTree = "<group>";
		};
		F2ACF43B2D328E9700368E3E /* Products */ = {
			isa = PBXGroup;
			children = (
				F2ACF43A2D328E9700368E3E /* DayOnboarding.app */,
			);
			name = Products;
			sourceTree = "<group>";
		};
		F2ACF43C2D328E9700368E3E /* DayOnboarding */ = {
			isa = PBXGroup;
			children = (
				F2ACF43D2D328E9700368E3E /* DayOnboardingApp.swift */,
				F2ACF4552D3311CF00368E3E /* View */,
				F2ACF4562D3311DF00368E3E /* Widgets */,
				F2ACF45D2D3699DE00368E3E /* Model */,
				F2ACF4412D328E9A00368E3E /* Assets.xcassets */,
				F2ACF4432D328E9A00368E3E /* Preview Content */,
			);
			path = DayOnboarding;
			sourceTree = "<group>";
		};
		F2ACF4432D328E9A00368E3E /* Preview Content */ = {
			isa = PBXGroup;
			children = (
				F2ACF4442D328E9A00368E3E /* Preview Assets.xcassets */,
			);
			path = "Preview Content";
			sourceTree = "<group>";
		};
		F2ACF4552D3311CF00368E3E /* View */ = {
			isa = PBXGroup;
			children = (
				F2ACF43F2D328E9800368E3E /* LanguageView.swift */,
				F21447D52D7325770027B57B /* HabitView.swift */,
				F2ACF4512D32D90500368E3E /* SwitchView.swift */,
				F2ACF45B2D33D89500368E3E /* HistoryView.swift */,
				F21447C42D6F88060027B57B /* ComponentsView.swift */,
				F21447C62D6FB4CD0027B57B /* AddPopUp.swift */,
				F21447D72D7372B00027B57B /* TodaysPlansView.swift */,
				F21447D92D748FD30027B57B /* AddTaskView.swift */,
				F21447DB2D74A85E0027B57B /* RecomendationsView.swift */,
			);
			path = View;
			sourceTree = "<group>";
		};
		F2ACF4562D3311DF00368E3E /* Widgets */ = {
			isa = PBXGroup;
			children = (
				F2ACF4532D32DC4100368E3E /* BackButton.swift */,
				F2ACF4572D3311FD00368E3E /* FlagsButtons.swift */,
				F2ACF4592D331BD300368E3E /* NextButton.swift */,
				F21447CA2D72F46E0027B57B /* GridWidget.swift */,
				F21447CC2D72F4900027B57B /* HabitSwitch.swift */,
				F21447CE2D72F4C50027B57B /* HabitInfoWidget.swift */,
				F21447D02D72F4EF0027B57B /* HabitInfoButton.swift */,
				F21447D22D72F50F0027B57B /* DaySwitch.swift */,
			);
			path = Widgets;
			sourceTree = "<group>";
		};
		F2ACF45D2D3699DE00368E3E /* Model */ = {
			isa = PBXGroup;
			children = (
				F2ACF45E2D369A0500368E3E /* Model.swift */,
				F2ACF4602D369A7F00368E3E /* ViewModel.swift */,
			);
			path = Model;
			sourceTree = "<group>";
		};
/* End PBXGroup section */

/* Begin PBXNativeTarget section */
		F2ACF4392D328E9700368E3E /* DayOnboarding */ = {
			isa = PBXNativeTarget;
			buildConfigurationList = F2ACF4482D328E9A00368E3E /* Build configuration list for PBXNativeTarget "DayOnboarding" */;
			buildPhases = (
				F2ACF4362D328E9700368E3E /* Sources */,
				F2ACF4372D328E9700368E3E /* Frameworks */,
				F2ACF4382D328E9700368E3E /* Resources */,
			);
			buildRules = (
			);
			dependencies = (
			);
			name = DayOnboarding;
			productName = DayOnboarding;
			productReference = F2ACF43A2D328E9700368E3E /* DayOnboarding.app */;
			productType = "com.apple.product-type.application";
		};
/* End PBXNativeTarget section */

/* Begin PBXProject section */
		F2ACF4322D328E9700368E3E /* Project object */ = {
			isa = PBXProject;
			attributes = {
				BuildIndependentTargetsInParallel = 1;
				LastSwiftUpdateCheck = 1520;
				LastUpgradeCheck = 1520;
				TargetAttributes = {
					F2ACF4392D328E9700368E3E = {
						CreatedOnToolsVersion = 15.2;
					};
				};
			};
			buildConfigurationList = F2ACF4352D328E9700368E3E /* Build configuration list for PBXProject "DayOnboarding" */;
			compatibilityVersion = "Xcode 14.0";
			developmentRegion = en;
			hasScannedForEncodings = 0;
			knownRegions = (
				en,
				pl,
				Base,
			);
			mainGroup = F2ACF4312D328E9700368E3E;
			productRefGroup = F2ACF43B2D328E9700368E3E /* Products */;
			projectDirPath = "";
			projectRoot = "";
			targets = (
				F2ACF4392D328E9700368E3E /* DayOnboarding */,
			);
		};
/* End PBXProject section */

/* Begin PBXResourcesBuildPhase section */
		F2ACF4382D328E9700368E3E /* Resources */ = {
			isa = PBXResourcesBuildPhase;
			buildActionMask = 2147483647;
			files = (
				F2ACF4452D328E9A00368E3E /* Preview Assets.xcassets in Resources */,
				F2ACF4422D328E9A00368E3E /* Assets.xcassets in Resources */,
			);
			runOnlyForDeploymentPostprocessing = 0;
		};
/* End PBXResourcesBuildPhase section */

/* Begin PBXSourcesBuildPhase section */
		F2ACF4362D328E9700368E3E /* Sources */ = {
			isa = PBXSourcesBuildPhase;
			buildActionMask = 2147483647;
			files = (
				F21447D12D72F4EF0027B57B /* HabitInfoButton.swift in Sources */,
				F21447DC2D74A85E0027B57B /* RecomendationsView.swift in Sources */,
				F21447CD2D72F4900027B57B /* HabitSwitch.swift in Sources */,
				F21447C52D6F88060027B57B /* ComponentsView.swift in Sources */,
				F21447D62D7325770027B57B /* HabitView.swift in Sources */,
				F21447DA2D748FD30027B57B /* AddTaskView.swift in Sources */,
				F21447C72D6FB4CD0027B57B /* AddPopUp.swift in Sources */,
				F21447CB2D72F46F0027B57B /* GridWidget.swift in Sources */,
				F2ACF45A2D331BD300368E3E /* NextButton.swift in Sources */,
				F2ACF4612D369A7F00368E3E /* ViewModel.swift in Sources */,
				F2ACF45C2D33D89500368E3E /* HistoryView.swift in Sources */,
				F21447D82D7372B00027B57B /* TodaysPlansView.swift in Sources */,
				F2ACF4542D32DC4100368E3E /* BackButton.swift in Sources */,
				F2ACF4402D328E9800368E3E /* LanguageView.swift in Sources */,
				F2ACF43E2D328E9800368E3E /* DayOnboardingApp.swift in Sources */,
				F21447CF2D72F4C50027B57B /* HabitInfoWidget.swift in Sources */,
				F2ACF4522D32D90500368E3E /* SwitchView.swift in Sources */,
				F2ACF4582D3311FD00368E3E /* FlagsButtons.swift in Sources */,
				F2ACF45F2D369A0500368E3E /* Model.swift in Sources */,
				F21447D32D72F50F0027B57B /* DaySwitch.swift in Sources */,
			);
			runOnlyForDeploymentPostprocessing = 0;
		};
/* End PBXSourcesBuildPhase section */

/* Begin XCBuildConfiguration section */
		F2ACF4462D328E9A00368E3E /* Debug */ = {
			isa = XCBuildConfiguration;
			buildSettings = {
				ALWAYS_SEARCH_USER_PATHS = NO;
				ASSETCATALOG_COMPILER_GENERATE_SWIFT_ASSET_SYMBOL_EXTENSIONS = YES;
				CLANG_ANALYZER_NONNULL = YES;
				CLANG_ANALYZER_NUMBER_OBJECT_CONVERSION = YES_AGGRESSIVE;
				CLANG_CXX_LANGUAGE_STANDARD = "gnu++20";
				CLANG_ENABLE_MODULES = YES;
				CLANG_ENABLE_OBJC_ARC = YES;
				CLANG_ENABLE_OBJC_WEAK = YES;
				CLANG_WARN_BLOCK_CAPTURE_AUTORELEASING = YES;
				CLANG_WARN_BOOL_CONVERSION = YES;
				CLANG_WARN_COMMA = YES;
				CLANG_WARN_CONSTANT_CONVERSION = YES;
				CLANG_WARN_DEPRECATED_OBJC_IMPLEMENTATIONS = YES;
				CLANG_WARN_DIRECT_OBJC_ISA_USAGE = YES_ERROR;
				CLANG_WARN_DOCUMENTATION_COMMENTS = YES;
				CLANG_WARN_EMPTY_BODY = YES;
				CLANG_WARN_ENUM_CONVERSION = YES;
				CLANG_WARN_INFINITE_RECURSION = YES;
				CLANG_WARN_INT_CONVERSION = YES;
				CLANG_WARN_NON_LITERAL_NULL_CONVERSION = YES;
				CLANG_WARN_OBJC_IMPLICIT_RETAIN_SELF = YES;
				CLANG_WARN_OBJC_LITERAL_CONVERSION = YES;
				CLANG_WARN_OBJC_ROOT_CLASS = YES_ERROR;
				CLANG_WARN_QUOTED_INCLUDE_IN_FRAMEWORK_HEADER = YES;
				CLANG_WARN_RANGE_LOOP_ANALYSIS = YES;
				CLANG_WARN_STRICT_PROTOTYPES = YES;
				CLANG_WARN_SUSPICIOUS_MOVE = YES;
				CLANG_WARN_UNGUARDED_AVAILABILITY = YES_AGGRESSIVE;
				CLANG_WARN_UNREACHABLE_CODE = YES;
				CLANG_WARN__DUPLICATE_METHOD_MATCH = YES;
				COPY_PHASE_STRIP = NO;
				DEBUG_INFORMATION_FORMAT = dwarf;
				ENABLE_STRICT_OBJC_MSGSEND = YES;
				ENABLE_TESTABILITY = YES;
				ENABLE_USER_SCRIPT_SANDBOXING = YES;
				GCC_C_LANGUAGE_STANDARD = gnu17;
				GCC_DYNAMIC_NO_PIC = NO;
				GCC_NO_COMMON_BLOCKS = YES;
				GCC_OPTIMIZATION_LEVEL = 0;
				GCC_PREPROCESSOR_DEFINITIONS = (
					"DEBUG=1",
					"$(inherited)",
				);
				GCC_WARN_64_TO_32_BIT_CONVERSION = YES;
				GCC_WARN_ABOUT_RETURN_TYPE = YES_ERROR;
				GCC_WARN_UNDECLARED_SELECTOR = YES;
				GCC_WARN_UNINITIALIZED_AUTOS = YES_AGGRESSIVE;
				GCC_WARN_UNUSED_FUNCTION = YES;
				GCC_WARN_UNUSED_VARIABLE = YES;
				IPHONEOS_DEPLOYMENT_TARGET = 17.2;
				LOCALIZATION_PREFERS_STRING_CATALOGS = YES;
				MTL_ENABLE_DEBUG_INFO = INCLUDE_SOURCE;
				MTL_FAST_MATH = YES;
				ONLY_ACTIVE_ARCH = YES;
				SDKROOT = iphoneos;
				SWIFT_ACTIVE_COMPILATION_CONDITIONS = "DEBUG $(inherited)";
				SWIFT_OPTIMIZATION_LEVEL = "-Onone";
			};
			name = Debug;
		};
		F2ACF4472D328E9A00368E3E /* Release */ = {
			isa = XCBuildConfiguration;
			buildSettings = {
				ALWAYS_SEARCH_USER_PATHS = NO;
				ASSETCATALOG_COMPILER_GENERATE_SWIFT_ASSET_SYMBOL_EXTENSIONS = YES;
				CLANG_ANALYZER_NONNULL = YES;
				CLANG_ANALYZER_NUMBER_OBJECT_CONVERSION = YES_AGGRESSIVE;
				CLANG_CXX_LANGUAGE_STANDARD = "gnu++20";
				CLANG_ENABLE_MODULES = YES;
				CLANG_ENABLE_OBJC_ARC = YES;
				CLANG_ENABLE_OBJC_WEAK = YES;
				CLANG_WARN_BLOCK_CAPTURE_AUTORELEASING = YES;
				CLANG_WARN_BOOL_CONVERSION = YES;
				CLANG_WARN_COMMA = YES;
				CLANG_WARN_CONSTANT_CONVERSION = YES;
				CLANG_WARN_DEPRECATED_OBJC_IMPLEMENTATIONS = YES;
				CLANG_WARN_DIRECT_OBJC_ISA_USAGE = YES_ERROR;
				CLANG_WARN_DOCUMENTATION_COMMENTS = YES;
				CLANG_WARN_EMPTY_BODY = YES;
				CLANG_WARN_ENUM_CONVERSION = YES;
				CLANG_WARN_INFINITE_RECURSION = YES;
				CLANG_WARN_INT_CONVERSION = YES;
				CLANG_WARN_NON_LITERAL_NULL_CONVERSION = YES;
				CLANG_WARN_OBJC_IMPLICIT_RETAIN_SELF = YES;
				CLANG_WARN_OBJC_LITERAL_CONVERSION = YES;
				CLANG_WARN_OBJC_ROOT_CLASS = YES_ERROR;
				CLANG_WARN_QUOTED_INCLUDE_IN_FRAMEWORK_HEADER = YES;
				CLANG_WARN_RANGE_LOOP_ANALYSIS = YES;
				CLANG_WARN_STRICT_PROTOTYPES = YES;
				CLANG_WARN_SUSPICIOUS_MOVE = YES;
				CLANG_WARN_UNGUARDED_AVAILABILITY = YES_AGGRESSIVE;
				CLANG_WARN_UNREACHABLE_CODE = YES;
				CLANG_WARN__DUPLICATE_METHOD_MATCH = YES;
				COPY_PHASE_STRIP = NO;
				DEBUG_INFORMATION_FORMAT = "dwarf-with-dsym";
				ENABLE_NS_ASSERTIONS = NO;
				ENABLE_STRICT_OBJC_MSGSEND = YES;
				ENABLE_USER_SCRIPT_SANDBOXING = YES;
				GCC_C_LANGUAGE_STANDARD = gnu17;
				GCC_NO_COMMON_BLOCKS = YES;
				GCC_WARN_64_TO_32_BIT_CONVERSION = YES;
				GCC_WARN_ABOUT_RETURN_TYPE = YES_ERROR;
				GCC_WARN_UNDECLARED_SELECTOR = YES;
				GCC_WARN_UNINITIALIZED_AUTOS = YES_AGGRESSIVE;
				GCC_WARN_UNUSED_FUNCTION = YES;
				GCC_WARN_UNUSED_VARIABLE = YES;
				IPHONEOS_DEPLOYMENT_TARGET = 17.2;
				LOCALIZATION_PREFERS_STRING_CATALOGS = YES;
				MTL_ENABLE_DEBUG_INFO = NO;
				MTL_FAST_MATH = YES;
				SDKROOT = iphoneos;
				SWIFT_COMPILATION_MODE = wholemodule;
				VALIDATE_PRODUCT = YES;
			};
			name = Release;
		};
		F2ACF4492D328E9A00368E3E /* Debug */ = {
			isa = XCBuildConfiguration;
			buildSettings = {
				ASSETCATALOG_COMPILER_APPICON_NAME = AppIcon;
				ASSETCATALOG_COMPILER_GLOBAL_ACCENT_COLOR_NAME = AccentColor;
				CODE_SIGN_STYLE = Automatic;
				CURRENT_PROJECT_VERSION = 1;
				DEVELOPMENT_ASSET_PATHS = "\"DayOnboarding/Preview Content\"";
				DEVELOPMENT_TEAM = M37X5B5U46;
				ENABLE_PREVIEWS = YES;
				GENERATE_INFOPLIST_FILE = YES;
				INFOPLIST_KEY_UIApplicationSceneManifest_Generation = YES;
				INFOPLIST_KEY_UIApplicationSupportsIndirectInputEvents = YES;
				INFOPLIST_KEY_UILaunchScreen_Generation = YES;
				INFOPLIST_KEY_UISupportedInterfaceOrientations_iPad = "UIInterfaceOrientationPortrait UIInterfaceOrientationPortraitUpsideDown UIInterfaceOrientationLandscapeLeft UIInterfaceOrientationLandscapeRight";
				INFOPLIST_KEY_UISupportedInterfaceOrientations_iPhone = "UIInterfaceOrientationPortrait UIInterfaceOrientationLandscapeLeft UIInterfaceOrientationLandscapeRight";
				LD_RUNPATH_SEARCH_PATHS = (
					"$(inherited)",
					"@executable_path/Frameworks",
				);
				MARKETING_VERSION = 1.0;
				PRODUCT_BUNDLE_IDENTIFIER = DenisSavishchev.DayOnboarding;
				PRODUCT_NAME = "$(TARGET_NAME)";
				SWIFT_EMIT_LOC_STRINGS = YES;
				SWIFT_VERSION = 5.0;
				TARGETED_DEVICE_FAMILY = "1,2";
			};
			name = Debug;
		};
		F2ACF44A2D328E9A00368E3E /* Release */ = {
			isa = XCBuildConfiguration;
			buildSettings = {
				ASSETCATALOG_COMPILER_APPICON_NAME = AppIcon;
				ASSETCATALOG_COMPILER_GLOBAL_ACCENT_COLOR_NAME = AccentColor;
				CODE_SIGN_STYLE = Automatic;
				CURRENT_PROJECT_VERSION = 1;
				DEVELOPMENT_ASSET_PATHS = "\"DayOnboarding/Preview Content\"";
				DEVELOPMENT_TEAM = M37X5B5U46;
				ENABLE_PREVIEWS = YES;
				GENERATE_INFOPLIST_FILE = YES;
				INFOPLIST_KEY_UIApplicationSceneManifest_Generation = YES;
				INFOPLIST_KEY_UIApplicationSupportsIndirectInputEvents = YES;
				INFOPLIST_KEY_UILaunchScreen_Generation = YES;
				INFOPLIST_KEY_UISupportedInterfaceOrientations_iPad = "UIInterfaceOrientationPortrait UIInterfaceOrientationPortraitUpsideDown UIInterfaceOrientationLandscapeLeft UIInterfaceOrientationLandscapeRight";
				INFOPLIST_KEY_UISupportedInterfaceOrientations_iPhone = "UIInterfaceOrientationPortrait UIInterfaceOrientationLandscapeLeft UIInterfaceOrientationLandscapeRight";
				LD_RUNPATH_SEARCH_PATHS = (
					"$(inherited)",
					"@executable_path/Frameworks",
				);
				MARKETING_VERSION = 1.0;
				PRODUCT_BUNDLE_IDENTIFIER = DenisSavishchev.DayOnboarding;
				PRODUCT_NAME = "$(TARGET_NAME)";
				SWIFT_EMIT_LOC_STRINGS = YES;
				SWIFT_VERSION = 5.0;
				TARGETED_DEVICE_FAMILY = "1,2";
			};
			name = Release;
		};
/* End XCBuildConfiguration section */

/* Begin XCConfigurationList section */
		F2ACF4352D328E9700368E3E /* Build configuration list for PBXProject "DayOnboarding" */ = {
			isa = XCConfigurationList;
			buildConfigurations = (
				F2ACF4462D328E9A00368E3E /* Debug */,
				F2ACF4472D328E9A00368E3E /* Release */,
			);
			defaultConfigurationIsVisible = 0;
			defaultConfigurationName = Release;
		};
		F2ACF4482D328E9A00368E3E /* Build configuration list for PBXNativeTarget "DayOnboarding" */ = {
			isa = XCConfigurationList;
			buildConfigurations = (
				F2ACF4492D328E9A00368E3E /* Debug */,
				F2ACF44A2D328E9A00368E3E /* Release */,
			);
			defaultConfigurationIsVisible = 0;
			defaultConfigurationName = Release;
		};
/* End XCConfigurationList section */
	};
	rootObject = F2ACF4322D328E9700368E3E /* Project object */;
}
